
Microsoft Visual Studio Solution File, Format Version 12.00
# Visual Studio Version 16
VisualStudioVersion = 16.0.30523.141
MinimumVisualStudioVersion = 10.0.40219.1
Project("{FAE04EC0-301F-11D3-BF4B-00C04F79EFBC}") = "PAOA Lab2", "PAOA Lab2\PAOA Lab2.csproj", "{18FA1FF2-8D55-4B9F-9E19-2CF7444DC0F2}"
EndProject
Global
	GlobalSection(SolutionConfigurationPlatforms) = preSolution
		Debug|Any CPU = Debug|Any CPU
		Release|Any CPU = Release|Any CPU
	EndGlobalSection
	GlobalSection(ProjectConfigurationPlatforms) = postSolution
		{18FA1FF2-8D55-4B9F-9E19-2CF7444DC0F2}.Debug|Any CPU.ActiveCfg = Debug|Any CPU
		{18FA1FF2-8D55-4B9F-9E19-2CF7444DC0F2}.Debug|Any CPU.Build.0 = Debug|Any CPU
		{18FA1FF2-8D55-4B9F-9E19-2CF7444DC0F2}.Release|Any CPU.ActiveCfg = Release|Any CPU
		{18FA1FF2-8D55-4B9F-9E19-2CF7444DC0F2}.Release|Any CPU.Build.0 = Release|Any CPU
	EndGlobalSection
	GlobalSection(SolutionProperties) = preSolution
		HideSolutionNode = FALSE
	EndGlobalSection
	GlobalSection(ExtensibilityGlobals) = postSolution
		SolutionGuid = {CD9F8299-7680-4C1C-9A86-385C6432B240}
	EndGlobalSection
EndGlobal
